// !$*UTF8*$!
{
	archiveVersion = 1;
	classes = {
	};
	objectVersion = 55;
	objects = {

/* Begin PBXBuildFile section */
		3C86B1A72E6301C661F545F1 /* Pods_Pomelo_Test_App_Pomelo_Test_AppUITests.framework in Frameworks */ = {isa = PBXBuildFile; fileRef = 1AB9D2B769E48B424769E967 /* Pods_Pomelo_Test_App_Pomelo_Test_AppUITests.framework */; };
		56665CF7C8ED58C62AFD384A /* Pods_Pomelo_Test_App.framework in Frameworks */ = {isa = PBXBuildFile; fileRef = 7905360564763043095FFFEB /* Pods_Pomelo_Test_App.framework */; };
		C9CBEAE3CCF5677AFC937F0D /* Pods_Pomelo_Test_AppTests.framework in Frameworks */ = {isa = PBXBuildFile; fileRef = 91296570DA07A0ADB1E8AF82 /* Pods_Pomelo_Test_AppTests.framework */; };
		EB2307A6277A01BC003186B4 /* AppDelegate.swift in Sources */ = {isa = PBXBuildFile; fileRef = EB2307A5277A01BC003186B4 /* AppDelegate.swift */; };
		EB2307A8277A01BC003186B4 /* SceneDelegate.swift in Sources */ = {isa = PBXBuildFile; fileRef = EB2307A7277A01BC003186B4 /* SceneDelegate.swift */; };
		EB2307AA277A01BC003186B4 /* ViewController.swift in Sources */ = {isa = PBXBuildFile; fileRef = EB2307A9277A01BC003186B4 /* ViewController.swift */; };
		EB2307AD277A01BC003186B4 /* Main.storyboard in Resources */ = {isa = PBXBuildFile; fileRef = EB2307AB277A01BC003186B4 /* Main.storyboard */; };
		EB2307AF277A01BF003186B4 /* Assets.xcassets in Resources */ = {isa = PBXBuildFile; fileRef = EB2307AE277A01BF003186B4 /* Assets.xcassets */; };
		EB2307B2277A01BF003186B4 /* LaunchScreen.storyboard in Resources */ = {isa = PBXBuildFile; fileRef = EB2307B0277A01BF003186B4 /* LaunchScreen.storyboard */; };
		EB2307BD277A01BF003186B4 /* Pomelo_Test_AppTests.swift in Sources */ = {isa = PBXBuildFile; fileRef = EB2307BC277A01BF003186B4 /* Pomelo_Test_AppTests.swift */; };
		EB2307C7277A01BF003186B4 /* Pomelo_Test_AppUITests.swift in Sources */ = {isa = PBXBuildFile; fileRef = EB2307C6277A01BF003186B4 /* Pomelo_Test_AppUITests.swift */; };
		EB2307C9277A01BF003186B4 /* Pomelo_Test_AppUITestsLaunchTests.swift in Sources */ = {isa = PBXBuildFile; fileRef = EB2307C8277A01BF003186B4 /* Pomelo_Test_AppUITestsLaunchTests.swift */; };
		EB2307DB277A02B3003186B4 /* HomeVC.swift in Sources */ = {isa = PBXBuildFile; fileRef = EB2307DA277A02B3003186B4 /* HomeVC.swift */; };
		EB2307DD277A02CC003186B4 /* PopularListCell.swift in Sources */ = {isa = PBXBuildFile; fileRef = EB2307DC277A02CC003186B4 /* PopularListCell.swift */; };
		EB2307DF277A02DA003186B4 /* Models.swift in Sources */ = {isa = PBXBuildFile; fileRef = EB2307DE277A02D9003186B4 /* Models.swift */; };
		EB2307E1277A02E4003186B4 /* APIClient.swift in Sources */ = {isa = PBXBuildFile; fileRef = EB2307E0277A02E4003186B4 /* APIClient.swift */; };
		EB2307E3277A02F1003186B4 /* ApiConstants.swift in Sources */ = {isa = PBXBuildFile; fileRef = EB2307E2277A02F1003186B4 /* ApiConstants.swift */; };
		EB2307E5277A02FB003186B4 /* APIRouter.swift in Sources */ = {isa = PBXBuildFile; fileRef = EB2307E4277A02FB003186B4 /* APIRouter.swift */; };
		EB2307E7277A0304003186B4 /* Enviroment.swift in Sources */ = {isa = PBXBuildFile; fileRef = EB2307E6277A0304003186B4 /* Enviroment.swift */; };
		EB2307E9277A030F003186B4 /* Extensions.swift in Sources */ = {isa = PBXBuildFile; fileRef = EB2307E8277A030F003186B4 /* Extensions.swift */; };
		EB2307EB277A031A003186B4 /* Utility.swift in Sources */ = {isa = PBXBuildFile; fileRef = EB2307EA277A031A003186B4 /* Utility.swift */; };
		EB2307EF277A07DE003186B4 /* NVActivityIndicatorPresenter.swift in Sources */ = {isa = PBXBuildFile; fileRef = EB2307ED277A07DE003186B4 /* NVActivityIndicatorPresenter.swift */; };
		EB2307F0277A07DE003186B4 /* NVActivityIndicatorViewable.swift in Sources */ = {isa = PBXBuildFile; fileRef = EB2307EE277A07DE003186B4 /* NVActivityIndicatorViewable.swift */; };
		EB2307F2277A0B56003186B4 /* WebViewVC.swift in Sources */ = {isa = PBXBuildFile; fileRef = EB2307F1277A0B55003186B4 /* WebViewVC.swift */; };
/* End PBXBuildFile section */

/* Begin PBXContainerItemProxy section */
		EB2307B9277A01BF003186B4 /* PBXContainerItemProxy */ = {
			isa = PBXContainerItemProxy;
			containerPortal = EB23079A277A01BC003186B4 /* Project object */;
			proxyType = 1;
			remoteGlobalIDString = EB2307A1277A01BC003186B4;
			remoteInfo = "Pomelo Test App";
		};
		EB2307C3277A01BF003186B4 /* PBXContainerItemProxy */ = {
			isa = PBXContainerItemProxy;
			containerPortal = EB23079A277A01BC003186B4 /* Project object */;
			proxyType = 1;
			remoteGlobalIDString = EB2307A1277A01BC003186B4;
			remoteInfo = "Pomelo Test App";
		};
/* End PBXContainerItemProxy section */

/* Begin PBXFileReference section */
		15A73730934162EE09CEF598 /* Pods-Pomelo Test App.release.xcconfig */ = {isa = PBXFileReference; includeInIndex = 1; lastKnownFileType = text.xcconfig; name = "Pods-Pomelo Test App.release.xcconfig"; path = "Target Support Files/Pods-Pomelo Test App/Pods-Pomelo Test App.release.xcconfig"; sourceTree = "<group>"; };
		16A53E0765793C8C2BC9F1C8 /* Pods-Pomelo Test App-Pomelo Test AppUITests.debug.xcconfig */ = {isa = PBXFileReference; includeInIndex = 1; lastKnownFileType = text.xcconfig; name = "Pods-Pomelo Test App-Pomelo Test AppUITests.debug.xcconfig"; path = "Target Support Files/Pods-Pomelo Test App-Pomelo Test AppUITests/Pods-Pomelo Test App-Pomelo Test AppUITests.debug.xcconfig"; sourceTree = "<group>"; };
		1AB9D2B769E48B424769E967 /* Pods_Pomelo_Test_App_Pomelo_Test_AppUITests.framework */ = {isa = PBXFileReference; explicitFileType = wrapper.framework; includeInIndex = 0; path = Pods_Pomelo_Test_App_Pomelo_Test_AppUITests.framework; sourceTree = BUILT_PRODUCTS_DIR; };
		7905360564763043095FFFEB /* Pods_Pomelo_Test_App.framework */ = {isa = PBXFileReference; explicitFileType = wrapper.framework; includeInIndex = 0; path = Pods_Pomelo_Test_App.framework; sourceTree = BUILT_PRODUCTS_DIR; };
		91296570DA07A0ADB1E8AF82 /* Pods_Pomelo_Test_AppTests.framework */ = {isa = PBXFileReference; explicitFileType = wrapper.framework; includeInIndex = 0; path = Pods_Pomelo_Test_AppTests.framework; sourceTree = BUILT_PRODUCTS_DIR; };
		96FF0D6599F7EEB8E715DE40 /* Pods-Pomelo Test App-Pomelo Test AppUITests.release.xcconfig */ = {isa = PBXFileReference; includeInIndex = 1; lastKnownFileType = text.xcconfig; name = "Pods-Pomelo Test App-Pomelo Test AppUITests.release.xcconfig"; path = "Target Support Files/Pods-Pomelo Test App-Pomelo Test AppUITests/Pods-Pomelo Test App-Pomelo Test AppUITests.release.xcconfig"; sourceTree = "<group>"; };
		EB2307A2277A01BC003186B4 /* Pomelo Test App.app */ = {isa = PBXFileReference; explicitFileType = wrapper.application; includeInIndex = 0; path = "Pomelo Test App.app"; sourceTree = BUILT_PRODUCTS_DIR; };
		EB2307A5277A01BC003186B4 /* AppDelegate.swift */ = {isa = PBXFileReference; lastKnownFileType = sourcecode.swift; path = AppDelegate.swift; sourceTree = "<group>"; };
		EB2307A7277A01BC003186B4 /* SceneDelegate.swift */ = {isa = PBXFileReference; lastKnownFileType = sourcecode.swift; path = SceneDelegate.swift; sourceTree = "<group>"; };
		EB2307A9277A01BC003186B4 /* ViewController.swift */ = {isa = PBXFileReference; lastKnownFileType = sourcecode.swift; path = ViewController.swift; sourceTree = "<group>"; };
		EB2307AC277A01BC003186B4 /* Base */ = {isa = PBXFileReference; lastKnownFileType = file.storyboard; name = Base; path = Base.lproj/Main.storyboard; sourceTree = "<group>"; };
		EB2307AE277A01BF003186B4 /* Assets.xcassets */ = {isa = PBXFileReference; lastKnownFileType = folder.assetcatalog; path = Assets.xcassets; sourceTree = "<group>"; };
		EB2307B1277A01BF003186B4 /* Base */ = {isa = PBXFileReference; lastKnownFileType = file.storyboard; name = Base; path = Base.lproj/LaunchScreen.storyboard; sourceTree = "<group>"; };
		EB2307B3277A01BF003186B4 /* Info.plist */ = {isa = PBXFileReference; lastKnownFileType = text.plist.xml; path = Info.plist; sourceTree = "<group>"; };
		EB2307B8277A01BF003186B4 /* Pomelo Test AppTests.xctest */ = {isa = PBXFileReference; explicitFileType = wrapper.cfbundle; includeInIndex = 0; path = "Pomelo Test AppTests.xctest"; sourceTree = BUILT_PRODUCTS_DIR; };
		EB2307BC277A01BF003186B4 /* Pomelo_Test_AppTests.swift */ = {isa = PBXFileReference; lastKnownFileType = sourcecode.swift; path = Pomelo_Test_AppTests.swift; sourceTree = "<group>"; };
		EB2307C2277A01BF003186B4 /* Pomelo Test AppUITests.xctest */ = {isa = PBXFileReference; explicitFileType = wrapper.cfbundle; includeInIndex = 0; path = "Pomelo Test AppUITests.xctest"; sourceTree = BUILT_PRODUCTS_DIR; };
		EB2307C6277A01BF003186B4 /* Pomelo_Test_AppUITests.swift */ = {isa = PBXFileReference; lastKnownFileType = sourcecode.swift; path = Pomelo_Test_AppUITests.swift; sourceTree = "<group>"; };
		EB2307C8277A01BF003186B4 /* Pomelo_Test_AppUITestsLaunchTests.swift */ = {isa = PBXFileReference; lastKnownFileType = sourcecode.swift; path = Pomelo_Test_AppUITestsLaunchTests.swift; sourceTree = "<group>"; };
		EB2307DA277A02B3003186B4 /* HomeVC.swift */ = {isa = PBXFileReference; fileEncoding = 4; lastKnownFileType = sourcecode.swift; path = HomeVC.swift; sourceTree = "<group>"; };
		EB2307DC277A02CC003186B4 /* PopularListCell.swift */ = {isa = PBXFileReference; fileEncoding = 4; lastKnownFileType = sourcecode.swift; path = PopularListCell.swift; sourceTree = "<group>"; };
		EB2307DE277A02D9003186B4 /* Models.swift */ = {isa = PBXFileReference; fileEncoding = 4; lastKnownFileType = sourcecode.swift; path = Models.swift; sourceTree = "<group>"; };
		EB2307E0277A02E4003186B4 /* APIClient.swift */ = {isa = PBXFileReference; fileEncoding = 4; lastKnownFileType = sourcecode.swift; path = APIClient.swift; sourceTree = "<group>"; };
		EB2307E2277A02F1003186B4 /* ApiConstants.swift */ = {isa = PBXFileReference; fileEncoding = 4; lastKnownFileType = sourcecode.swift; path = ApiConstants.swift; sourceTree = "<group>"; };
		EB2307E4277A02FB003186B4 /* APIRouter.swift */ = {isa = PBXFileReference; fileEncoding = 4; lastKnownFileType = sourcecode.swift; path = APIRouter.swift; sourceTree = "<group>"; };
		EB2307E6277A0304003186B4 /* Enviroment.swift */ = {isa = PBXFileReference; fileEncoding = 4; lastKnownFileType = sourcecode.swift; path = Enviroment.swift; sourceTree = "<group>"; };
		EB2307E8277A030F003186B4 /* Extensions.swift */ = {isa = PBXFileReference; fileEncoding = 4; lastKnownFileType = sourcecode.swift; path = Extensions.swift; sourceTree = "<group>"; };
		EB2307EA277A031A003186B4 /* Utility.swift */ = {isa = PBXFileReference; fileEncoding = 4; lastKnownFileType = sourcecode.swift; path = Utility.swift; sourceTree = "<group>"; };
		EB2307ED277A07DE003186B4 /* NVActivityIndicatorPresenter.swift */ = {isa = PBXFileReference; fileEncoding = 4; lastKnownFileType = sourcecode.swift; path = NVActivityIndicatorPresenter.swift; sourceTree = "<group>"; };
		EB2307EE277A07DE003186B4 /* NVActivityIndicatorViewable.swift */ = {isa = PBXFileReference; fileEncoding = 4; lastKnownFileType = sourcecode.swift; path = NVActivityIndicatorViewable.swift; sourceTree = "<group>"; };
		EB2307F1277A0B55003186B4 /* WebViewVC.swift */ = {isa = PBXFileReference; lastKnownFileType = sourcecode.swift; path = WebViewVC.swift; sourceTree = "<group>"; };
		EC781C1D2C8BB502FB1D0F8A /* Pods-Pomelo Test AppTests.debug.xcconfig */ = {isa = PBXFileReference; includeInIndex = 1; lastKnownFileType = text.xcconfig; name = "Pods-Pomelo Test AppTests.debug.xcconfig"; path = "Target Support Files/Pods-Pomelo Test AppTests/Pods-Pomelo Test AppTests.debug.xcconfig"; sourceTree = "<group>"; };
		F4AA1EEFA7E54B84925A7AC9 /* Pods-Pomelo Test App.debug.xcconfig */ = {isa = PBXFileReference; includeInIndex = 1; lastKnownFileType = text.xcconfig; name = "Pods-Pomelo Test App.debug.xcconfig"; path = "Target Support Files/Pods-Pomelo Test App/Pods-Pomelo Test App.debug.xcconfig"; sourceTree = "<group>"; };
		FC3AED1612EC22C4E7136B83 /* Pods-Pomelo Test AppTests.release.xcconfig */ = {isa = PBXFileReference; includeInIndex = 1; lastKnownFileType = text.xcconfig; name = "Pods-Pomelo Test AppTests.release.xcconfig"; path = "Target Support Files/Pods-Pomelo Test AppTests/Pods-Pomelo Test AppTests.release.xcconfig"; sourceTree = "<group>"; };
/* End PBXFileReference section */

/* Begin PBXFrameworksBuildPhase section */
		EB23079F277A01BC003186B4 /* Frameworks */ = {
			isa = PBXFrameworksBuildPhase;
			buildActionMask = 2147483647;
			files = (
				56665CF7C8ED58C62AFD384A /* Pods_Pomelo_Test_App.framework in Frameworks */,
			);
			runOnlyForDeploymentPostprocessing = 0;
		};
		EB2307B5277A01BF003186B4 /* Frameworks */ = {
			isa = PBXFrameworksBuildPhase;
			buildActionMask = 2147483647;
			files = (
				C9CBEAE3CCF5677AFC937F0D /* Pods_Pomelo_Test_AppTests.framework in Frameworks */,
			);
			runOnlyForDeploymentPostprocessing = 0;
		};
		EB2307BF277A01BF003186B4 /* Frameworks */ = {
			isa = PBXFrameworksBuildPhase;
			buildActionMask = 2147483647;
			files = (
				3C86B1A72E6301C661F545F1 /* Pods_Pomelo_Test_App_Pomelo_Test_AppUITests.framework in Frameworks */,
			);
			runOnlyForDeploymentPostprocessing = 0;
		};
/* End PBXFrameworksBuildPhase section */

/* Begin PBXGroup section */
		2D2D980E48531DEC86E57EE1 /* Pods */ = {
			isa = PBXGroup;
			children = (
				F4AA1EEFA7E54B84925A7AC9 /* Pods-Pomelo Test App.debug.xcconfig */,
				15A73730934162EE09CEF598 /* Pods-Pomelo Test App.release.xcconfig */,
				16A53E0765793C8C2BC9F1C8 /* Pods-Pomelo Test App-Pomelo Test AppUITests.debug.xcconfig */,
				96FF0D6599F7EEB8E715DE40 /* Pods-Pomelo Test App-Pomelo Test AppUITests.release.xcconfig */,
				EC781C1D2C8BB502FB1D0F8A /* Pods-Pomelo Test AppTests.debug.xcconfig */,
				FC3AED1612EC22C4E7136B83 /* Pods-Pomelo Test AppTests.release.xcconfig */,
			);
			path = Pods;
			sourceTree = "<group>";
		};
		8A2158DDC3D16F7A34FC950C /* Frameworks */ = {
			isa = PBXGroup;
			children = (
				7905360564763043095FFFEB /* Pods_Pomelo_Test_App.framework */,
				1AB9D2B769E48B424769E967 /* Pods_Pomelo_Test_App_Pomelo_Test_AppUITests.framework */,
				91296570DA07A0ADB1E8AF82 /* Pods_Pomelo_Test_AppTests.framework */,
			);
			name = Frameworks;
			sourceTree = "<group>";
		};
		EB230799277A01BC003186B4 = {
			isa = PBXGroup;
			children = (
				EB2307A4277A01BC003186B4 /* Pomelo Test App */,
				EB2307BB277A01BF003186B4 /* Pomelo Test AppTests */,
				EB2307C5277A01BF003186B4 /* Pomelo Test AppUITests */,
				EB2307A3277A01BC003186B4 /* Products */,
				2D2D980E48531DEC86E57EE1 /* Pods */,
				8A2158DDC3D16F7A34FC950C /* Frameworks */,
			);
			sourceTree = "<group>";
		};
		EB2307A3277A01BC003186B4 /* Products */ = {
			isa = PBXGroup;
			children = (
				EB2307A2277A01BC003186B4 /* Pomelo Test App.app */,
				EB2307B8277A01BF003186B4 /* Pomelo Test AppTests.xctest */,
				EB2307C2277A01BF003186B4 /* Pomelo Test AppUITests.xctest */,
			);
			name = Products;
			sourceTree = "<group>";
		};
		EB2307A4277A01BC003186B4 /* Pomelo Test App */ = {
			isa = PBXGroup;
			children = (
				EB2307D5277A023A003186B4 /* CustomeClasses */,
				EB2307D6277A0249003186B4 /* Networking */,
				EB2307D7277A025B003186B4 /* APIModels */,
				EB2307D9277A027B003186B4 /* Views */,
				EB2307D8277A026A003186B4 /* ViewControllers */,
				EB2307A5277A01BC003186B4 /* AppDelegate.swift */,
				EB2307A7277A01BC003186B4 /* SceneDelegate.swift */,
				EB2307A9277A01BC003186B4 /* ViewController.swift */,
				EB2307AB277A01BC003186B4 /* Main.storyboard */,
				EB2307AE277A01BF003186B4 /* Assets.xcassets */,
				EB2307B0277A01BF003186B4 /* LaunchScreen.storyboard */,
				EB2307B3277A01BF003186B4 /* Info.plist */,
			);
			path = "Pomelo Test App";
			sourceTree = "<group>";
		};
		EB2307BB277A01BF003186B4 /* Pomelo Test AppTests */ = {
			isa = PBXGroup;
			children = (
				EB2307BC277A01BF003186B4 /* Pomelo_Test_AppTests.swift */,
			);
			path = "Pomelo Test AppTests";
			sourceTree = "<group>";
		};
		EB2307C5277A01BF003186B4 /* Pomelo Test AppUITests */ = {
			isa = PBXGroup;
			children = (
				EB2307C6277A01BF003186B4 /* Pomelo_Test_AppUITests.swift */,
				EB2307C8277A01BF003186B4 /* Pomelo_Test_AppUITestsLaunchTests.swift */,
			);
			path = "Pomelo Test AppUITests";
			sourceTree = "<group>";
		};
		EB2307D5277A023A003186B4 /* CustomeClasses */ = {
			isa = PBXGroup;
			children = (
				EB2307EC277A07DE003186B4 /* NVActivityIndicatorViewExtended */,
				EB2307EA277A031A003186B4 /* Utility.swift */,
				EB2307E8277A030F003186B4 /* Extensions.swift */,
			);
			path = CustomeClasses;
			sourceTree = "<group>";
		};
		EB2307D6277A0249003186B4 /* Networking */ = {
			isa = PBXGroup;
			children = (
				EB2307E0277A02E4003186B4 /* APIClient.swift */,
				EB2307E4277A02FB003186B4 /* APIRouter.swift */,
				EB2307E2277A02F1003186B4 /* ApiConstants.swift */,
				EB2307E6277A0304003186B4 /* Enviroment.swift */,
			);
			path = Networking;
			sourceTree = "<group>";
		};
		EB2307D7277A025B003186B4 /* APIModels */ = {
			isa = PBXGroup;
			children = (
				EB2307DE277A02D9003186B4 /* Models.swift */,
			);
			path = APIModels;
			sourceTree = "<group>";
		};
		EB2307D8277A026A003186B4 /* ViewControllers */ = {
			isa = PBXGroup;
			children = (
				EB2307DA277A02B3003186B4 /* HomeVC.swift */,
				EB2307F1277A0B55003186B4 /* WebViewVC.swift */,
			);
			path = ViewControllers;
			sourceTree = "<group>";
		};
		EB2307D9277A027B003186B4 /* Views */ = {
			isa = PBXGroup;
			children = (
				EB2307DC277A02CC003186B4 /* PopularListCell.swift */,
			);
			path = Views;
			sourceTree = "<group>";
		};
		EB2307EC277A07DE003186B4 /* NVActivityIndicatorViewExtended */ = {
			isa = PBXGroup;
			children = (
				EB2307ED277A07DE003186B4 /* NVActivityIndicatorPresenter.swift */,
				EB2307EE277A07DE003186B4 /* NVActivityIndicatorViewable.swift */,
			);
			path = NVActivityIndicatorViewExtended;
			sourceTree = "<group>";
		};
/* End PBXGroup section */

/* Begin PBXNativeTarget section */
		EB2307A1277A01BC003186B4 /* Pomelo Test App */ = {
			isa = PBXNativeTarget;
			buildConfigurationList = EB2307CC277A01BF003186B4 /* Build configuration list for PBXNativeTarget "Pomelo Test App" */;
			buildPhases = (
				31B451CDE9451EA26FE501F5 /* [CP] Check Pods Manifest.lock */,
				EB23079E277A01BC003186B4 /* Sources */,
				EB23079F277A01BC003186B4 /* Frameworks */,
				EB2307A0277A01BC003186B4 /* Resources */,
				BBE06EDB7585E03A21C00193 /* [CP] Embed Pods Frameworks */,
			);
			buildRules = (
			);
			dependencies = (
			);
			name = "Pomelo Test App";
			productName = "Pomelo Test App";
			productReference = EB2307A2277A01BC003186B4 /* Pomelo Test App.app */;
			productType = "com.apple.product-type.application";
		};
		EB2307B7277A01BF003186B4 /* Pomelo Test AppTests */ = {
			isa = PBXNativeTarget;
			buildConfigurationList = EB2307CF277A01BF003186B4 /* Build configuration list for PBXNativeTarget "Pomelo Test AppTests" */;
			buildPhases = (
				A967A0AEAAB288948B3D4E0B /* [CP] Check Pods Manifest.lock */,
				EB2307B4277A01BF003186B4 /* Sources */,
				EB2307B5277A01BF003186B4 /* Frameworks */,
				EB2307B6277A01BF003186B4 /* Resources */,
			);
			buildRules = (
			);
			dependencies = (
				EB2307BA277A01BF003186B4 /* PBXTargetDependency */,
			);
			name = "Pomelo Test AppTests";
			productName = "Pomelo Test AppTests";
			productReference = EB2307B8277A01BF003186B4 /* Pomelo Test AppTests.xctest */;
			productType = "com.apple.product-type.bundle.unit-test";
		};
		EB2307C1277A01BF003186B4 /* Pomelo Test AppUITests */ = {
			isa = PBXNativeTarget;
			buildConfigurationList = EB2307D2277A01BF003186B4 /* Build configuration list for PBXNativeTarget "Pomelo Test AppUITests" */;
			buildPhases = (
				63B9A72C0ABFF2DA4D619207 /* [CP] Check Pods Manifest.lock */,
				EB2307BE277A01BF003186B4 /* Sources */,
				EB2307BF277A01BF003186B4 /* Frameworks */,
				EB2307C0277A01BF003186B4 /* Resources */,
				32DF739152DE2B27FF7DAB2A /* [CP] Embed Pods Frameworks */,
			);
			buildRules = (
			);
			dependencies = (
				EB2307C4277A01BF003186B4 /* PBXTargetDependency */,
			);
			name = "Pomelo Test AppUITests";
			productName = "Pomelo Test AppUITests";
			productReference = EB2307C2277A01BF003186B4 /* Pomelo Test AppUITests.xctest */;
			productType = "com.apple.product-type.bundle.ui-testing";
		};
/* End PBXNativeTarget section */

/* Begin PBXProject section */
		EB23079A277A01BC003186B4 /* Project object */ = {
			isa = PBXProject;
			attributes = {
				BuildIndependentTargetsInParallel = 1;
				LastSwiftUpdateCheck = 1320;
				LastUpgradeCheck = 1320;
				TargetAttributes = {
					EB2307A1277A01BC003186B4 = {
						CreatedOnToolsVersion = 13.2.1;
					};
					EB2307B7277A01BF003186B4 = {
						CreatedOnToolsVersion = 13.2.1;
						TestTargetID = EB2307A1277A01BC003186B4;
					};
					EB2307C1277A01BF003186B4 = {
						CreatedOnToolsVersion = 13.2.1;
						TestTargetID = EB2307A1277A01BC003186B4;
					};
				};
			};
			buildConfigurationList = EB23079D277A01BC003186B4 /* Build configuration list for PBXProject "Pomelo Test App" */;
			compatibilityVersion = "Xcode 13.0";
			developmentRegion = en;
			hasScannedForEncodings = 0;
			knownRegions = (
				en,
				Base,
			);
			mainGroup = EB230799277A01BC003186B4;
			productRefGroup = EB2307A3277A01BC003186B4 /* Products */;
			projectDirPath = "";
			projectRoot = "";
			targets = (
				EB2307A1277A01BC003186B4 /* Pomelo Test App */,
				EB2307B7277A01BF003186B4 /* Pomelo Test AppTests */,
				EB2307C1277A01BF003186B4 /* Pomelo Test AppUITests */,
			);
		};
/* End PBXProject section */

/* Begin PBXResourcesBuildPhase section */
		EB2307A0277A01BC003186B4 /* Resources */ = {
			isa = PBXResourcesBuildPhase;
			buildActionMask = 2147483647;
			files = (
				EB2307B2277A01BF003186B4 /* LaunchScreen.storyboard in Resources */,
				EB2307AF277A01BF003186B4 /* Assets.xcassets in Resources */,
				EB2307AD277A01BC003186B4 /* Main.storyboard in Resources */,
			);
			runOnlyForDeploymentPostprocessing = 0;
		};
		EB2307B6277A01BF003186B4 /* Resources */ = {
			isa = PBXResourcesBuildPhase;
			buildActionMask = 2147483647;
			files = (
			);
			runOnlyForDeploymentPostprocessing = 0;
		};
		EB2307C0277A01BF003186B4 /* Resources */ = {
			isa = PBXResourcesBuildPhase;
			buildActionMask = 2147483647;
			files = (
			);
			runOnlyForDeploymentPostprocessing = 0;
		};
/* End PBXResourcesBuildPhase section */

/* Begin PBXShellScriptBuildPhase section */
		31B451CDE9451EA26FE501F5 /* [CP] Check Pods Manifest.lock */ = {
			isa = PBXShellScriptBuildPhase;
			buildActionMask = 2147483647;
			files = (
			);
			inputFileListPaths = (
			);
			inputPaths = (
				"${PODS_PODFILE_DIR_PATH}/Podfile.lock",
				"${PODS_ROOT}/Manifest.lock",
			);
			name = "[CP] Check Pods Manifest.lock";
			outputFileListPaths = (
			);
			outputPaths = (
				"$(DERIVED_FILE_DIR)/Pods-Pomelo Test App-checkManifestLockResult.txt",
			);
			runOnlyForDeploymentPostprocessing = 0;
			shellPath = /bin/sh;
			shellScript = "diff \"${PODS_PODFILE_DIR_PATH}/Podfile.lock\" \"${PODS_ROOT}/Manifest.lock\" > /dev/null\nif [ $? != 0 ] ; then\n    # print error to STDERR\n    echo \"error: The sandbox is not in sync with the Podfile.lock. Run 'pod install' or update your CocoaPods installation.\" >&2\n    exit 1\nfi\n# This output is used by Xcode 'outputs' to avoid re-running this script phase.\necho \"SUCCESS\" > \"${SCRIPT_OUTPUT_FILE_0}\"\n";
			showEnvVarsInLog = 0;
		};
		32DF739152DE2B27FF7DAB2A /* [CP] Embed Pods Frameworks */ = {
			isa = PBXShellScriptBuildPhase;
			buildActionMask = 2147483647;
			files = (
			);
			inputFileListPaths = (
				"${PODS_ROOT}/Target Support Files/Pods-Pomelo Test App-Pomelo Test AppUITests/Pods-Pomelo Test App-Pomelo Test AppUITests-frameworks-${CONFIGURATION}-input-files.xcfilelist",
			);
			name = "[CP] Embed Pods Frameworks";
			outputFileListPaths = (
				"${PODS_ROOT}/Target Support Files/Pods-Pomelo Test App-Pomelo Test AppUITests/Pods-Pomelo Test App-Pomelo Test AppUITests-frameworks-${CONFIGURATION}-output-files.xcfilelist",
			);
			runOnlyForDeploymentPostprocessing = 0;
			shellPath = /bin/sh;
			shellScript = "\"${PODS_ROOT}/Target Support Files/Pods-Pomelo Test App-Pomelo Test AppUITests/Pods-Pomelo Test App-Pomelo Test AppUITests-frameworks.sh\"\n";
			showEnvVarsInLog = 0;
		};
		63B9A72C0ABFF2DA4D619207 /* [CP] Check Pods Manifest.lock */ = {
			isa = PBXShellScriptBuildPhase;
			buildActionMask = 2147483647;
			files = (
			);
			inputFileListPaths = (
			);
			inputPaths = (
				"${PODS_PODFILE_DIR_PATH}/Podfile.lock",
				"${PODS_ROOT}/Manifest.lock",
			);
			name = "[CP] Check Pods Manifest.lock";
			outputFileListPaths = (
			);
			outputPaths = (
				"$(DERIVED_FILE_DIR)/Pods-Pomelo Test App-Pomelo Test AppUITests-checkManifestLockResult.txt",
			);
			runOnlyForDeploymentPostprocessing = 0;
			shellPath = /bin/sh;
			shellScript = "diff \"${PODS_PODFILE_DIR_PATH}/Podfile.lock\" \"${PODS_ROOT}/Manifest.lock\" > /dev/null\nif [ $? != 0 ] ; then\n    # print error to STDERR\n    echo \"error: The sandbox is not in sync with the Podfile.lock. Run 'pod install' or update your CocoaPods installation.\" >&2\n    exit 1\nfi\n# This output is used by Xcode 'outputs' to avoid re-running this script phase.\necho \"SUCCESS\" > \"${SCRIPT_OUTPUT_FILE_0}\"\n";
			showEnvVarsInLog = 0;
		};
		A967A0AEAAB288948B3D4E0B /* [CP] Check Pods Manifest.lock */ = {
			isa = PBXShellScriptBuildPhase;
			buildActionMask = 2147483647;
			files = (
			);
			inputFileListPaths = (
			);
			inputPaths = (
				"${PODS_PODFILE_DIR_PATH}/Podfile.lock",
				"${PODS_ROOT}/Manifest.lock",
			);
			name = "[CP] Check Pods Manifest.lock";
			outputFileListPaths = (
			);
			outputPaths = (
				"$(DERIVED_FILE_DIR)/Pods-Pomelo Test AppTests-checkManifestLockResult.txt",
			);
			runOnlyForDeploymentPostprocessing = 0;
			shellPath = /bin/sh;
			shellScript = "diff \"${PODS_PODFILE_DIR_PATH}/Podfile.lock\" \"${PODS_ROOT}/Manifest.lock\" > /dev/null\nif [ $? != 0 ] ; then\n    # print error to STDERR\n    echo \"error: The sandbox is not in sync with the Podfile.lock. Run 'pod install' or update your CocoaPods installation.\" >&2\n    exit 1\nfi\n# This output is used by Xcode 'outputs' to avoid re-running this script phase.\necho \"SUCCESS\" > \"${SCRIPT_OUTPUT_FILE_0}\"\n";
			showEnvVarsInLog = 0;
		};
		BBE06EDB7585E03A21C00193 /* [CP] Embed Pods Frameworks */ = {
			isa = PBXShellScriptBuildPhase;
			buildActionMask = 2147483647;
			files = (
			);
			inputFileListPaths = (
				"${PODS_ROOT}/Target Support Files/Pods-Pomelo Test App/Pods-Pomelo Test App-frameworks-${CONFIGURATION}-input-files.xcfilelist",
			);
			name = "[CP] Embed Pods Frameworks";
			outputFileListPaths = (
				"${PODS_ROOT}/Target Support Files/Pods-Pomelo Test App/Pods-Pomelo Test App-frameworks-${CONFIGURATION}-output-files.xcfilelist",
			);
			runOnlyForDeploymentPostprocessing = 0;
			shellPath = /bin/sh;
			shellScript = "\"${PODS_ROOT}/Target Support Files/Pods-Pomelo Test App/Pods-Pomelo Test App-frameworks.sh\"\n";
			showEnvVarsInLog = 0;
		};
/* End PBXShellScriptBuildPhase section */

/* Begin PBXSourcesBuildPhase section */
		EB23079E277A01BC003186B4 /* Sources */ = {
			isa = PBXSourcesBuildPhase;
			buildActionMask = 2147483647;
			files = (
				EB2307DD277A02CC003186B4 /* PopularListCell.swift in Sources */,
				EB2307E5277A02FB003186B4 /* APIRouter.swift in Sources */,
				EB2307F2277A0B56003186B4 /* WebViewVC.swift in Sources */,
				EB2307E7277A0304003186B4 /* Enviroment.swift in Sources */,
				EB2307E1277A02E4003186B4 /* APIClient.swift in Sources */,
				EB2307AA277A01BC003186B4 /* ViewController.swift in Sources */,
				EB2307EF277A07DE003186B4 /* NVActivityIndicatorPresenter.swift in Sources */,
				EB2307DB277A02B3003186B4 /* HomeVC.swift in Sources */,
				EB2307E3277A02F1003186B4 /* ApiConstants.swift in Sources */,
				EB2307DF277A02DA003186B4 /* Models.swift in Sources */,
				EB2307EB277A031A003186B4 /* Utility.swift in Sources */,
				EB2307A6277A01BC003186B4 /* AppDelegate.swift in Sources */,
				EB2307F0277A07DE003186B4 /* NVActivityIndicatorViewable.swift in Sources */,
				EB2307E9277A030F003186B4 /* Extensions.swift in Sources */,
				EB2307A8277A01BC003186B4 /* SceneDelegate.swift in Sources */,
			);
			runOnlyForDeploymentPostprocessing = 0;
		};
		EB2307B4277A01BF003186B4 /* Sources */ = {
			isa = PBXSourcesBuildPhase;
			buildActionMask = 2147483647;
			files = (
				EB2307BD277A01BF003186B4 /* Pomelo_Test_AppTests.swift in Sources */,
			);
			runOnlyForDeploymentPostprocessing = 0;
		};
		EB2307BE277A01BF003186B4 /* Sources */ = {
			isa = PBXSourcesBuildPhase;
			buildActionMask = 2147483647;
			files = (
				EB2307C9277A01BF003186B4 /* Pomelo_Test_AppUITestsLaunchTests.swift in Sources */,
				EB2307C7277A01BF003186B4 /* Pomelo_Test_AppUITests.swift in Sources */,
			);
			runOnlyForDeploymentPostprocessing = 0;
		};
/* End PBXSourcesBuildPhase section */

/* Begin PBXTargetDependency section */
		EB2307BA277A01BF003186B4 /* PBXTargetDependency */ = {
			isa = PBXTargetDependency;
			target = EB2307A1277A01BC003186B4 /* Pomelo Test App */;
			targetProxy = EB2307B9277A01BF003186B4 /* PBXContainerItemProxy */;
		};
		EB2307C4277A01BF003186B4 /* PBXTargetDependency */ = {
			isa = PBXTargetDependency;
			target = EB2307A1277A01BC003186B4 /* Pomelo Test App */;
			targetProxy = EB2307C3277A01BF003186B4 /* PBXContainerItemProxy */;
		};
/* End PBXTargetDependency section */

/* Begin PBXVariantGroup section */
		EB2307AB277A01BC003186B4 /* Main.storyboard */ = {
			isa = PBXVariantGroup;
			children = (
				EB2307AC277A01BC003186B4 /* Base */,
			);
			name = Main.storyboard;
			sourceTree = "<group>";
		};
		EB2307B0277A01BF003186B4 /* LaunchScreen.storyboard */ = {
			isa = PBXVariantGroup;
			children = (
				EB2307B1277A01BF003186B4 /* Base */,
			);
			name = LaunchScreen.storyboard;
			sourceTree = "<group>";
		};
/* End PBXVariantGroup section */

/* Begin XCBuildConfiguration section */
		EB2307CA277A01BF003186B4 /* Debug */ = {
			isa = XCBuildConfiguration;
			buildSettings = {
				ALWAYS_SEARCH_USER_PATHS = NO;
				CLANG_ANALYZER_NONNULL = YES;
				CLANG_ANALYZER_NUMBER_OBJECT_CONVERSION = YES_AGGRESSIVE;
				CLANG_CXX_LANGUAGE_STANDARD = "gnu++17";
				CLANG_CXX_LIBRARY = "libc++";
				CLANG_ENABLE_MODULES = YES;
				CLANG_ENABLE_OBJC_ARC = YES;
				CLANG_ENABLE_OBJC_WEAK = YES;
				CLANG_WARN_BLOCK_CAPTURE_AUTORELEASING = YES;
				CLANG_WARN_BOOL_CONVERSION = YES;
				CLANG_WARN_COMMA = YES;
				CLANG_WARN_CONSTANT_CONVERSION = YES;
				CLANG_WARN_DEPRECATED_OBJC_IMPLEMENTATIONS = YES;
				CLANG_WARN_DIRECT_OBJC_ISA_USAGE = YES_ERROR;
				CLANG_WARN_DOCUMENTATION_COMMENTS = YES;
				CLANG_WARN_EMPTY_BODY = YES;
				CLANG_WARN_ENUM_CONVERSION = YES;
				CLANG_WARN_INFINITE_RECURSION = YES;
				CLANG_WARN_INT_CONVERSION = YES;
				CLANG_WARN_NON_LITERAL_NULL_CONVERSION = YES;
				CLANG_WARN_OBJC_IMPLICIT_RETAIN_SELF = YES;
				CLANG_WARN_OBJC_LITERAL_CONVERSION = YES;
				CLANG_WARN_OBJC_ROOT_CLASS = YES_ERROR;
				CLANG_WARN_QUOTED_INCLUDE_IN_FRAMEWORK_HEADER = YES;
				CLANG_WARN_RANGE_LOOP_ANALYSIS = YES;
				CLANG_WARN_STRICT_PROTOTYPES = YES;
				CLANG_WARN_SUSPICIOUS_MOVE = YES;
				CLANG_WARN_UNGUARDED_AVAILABILITY = YES_AGGRESSIVE;
				CLANG_WARN_UNREACHABLE_CODE = YES;
				CLANG_WARN__DUPLICATE_METHOD_MATCH = YES;
				COPY_PHASE_STRIP = NO;
				DEBUG_INFORMATION_FORMAT = dwarf;
				ENABLE_STRICT_OBJC_MSGSEND = YES;
				ENABLE_TESTABILITY = YES;
				GCC_C_LANGUAGE_STANDARD = gnu11;
				GCC_DYNAMIC_NO_PIC = NO;
				GCC_NO_COMMON_BLOCKS = YES;
				GCC_OPTIMIZATION_LEVEL = 0;
				GCC_PREPROCESSOR_DEFINITIONS = (
					"DEBUG=1",
					"$(inherited)",
				);
				GCC_WARN_64_TO_32_BIT_CONVERSION = YES;
				GCC_WARN_ABOUT_RETURN_TYPE = YES_ERROR;
				GCC_WARN_UNDECLARED_SELECTOR = YES;
				GCC_WARN_UNINITIALIZED_AUTOS = YES_AGGRESSIVE;
				GCC_WARN_UNUSED_FUNCTION = YES;
				GCC_WARN_UNUSED_VARIABLE = YES;
				IPHONEOS_DEPLOYMENT_TARGET = 15.2;
				MTL_ENABLE_DEBUG_INFO = INCLUDE_SOURCE;
				MTL_FAST_MATH = YES;
				ONLY_ACTIVE_ARCH = YES;
				SDKROOT = iphoneos;
				SWIFT_ACTIVE_COMPILATION_CONDITIONS = DEBUG;
				SWIFT_OPTIMIZATION_LEVEL = "-Onone";
			};
			name = Debug;
		};
		EB2307CB277A01BF003186B4 /* Release */ = {
			isa = XCBuildConfiguration;
			buildSettings = {
				ALWAYS_SEARCH_USER_PATHS = NO;
				CLANG_ANALYZER_NONNULL = YES;
				CLANG_ANALYZER_NUMBER_OBJECT_CONVERSION = YES_AGGRESSIVE;
				CLANG_CXX_LANGUAGE_STANDARD = "gnu++17";
				CLANG_CXX_LIBRARY = "libc++";
				CLANG_ENABLE_MODULES = YES;
				CLANG_ENABLE_OBJC_ARC = YES;
				CLANG_ENABLE_OBJC_WEAK = YES;
				CLANG_WARN_BLOCK_CAPTURE_AUTORELEASING = YES;
				CLANG_WARN_BOOL_CONVERSION = YES;
				CLANG_WARN_COMMA = YES;
				CLANG_WARN_CONSTANT_CONVERSION = YES;
				CLANG_WARN_DEPRECATED_OBJC_IMPLEMENTATIONS = YES;
				CLANG_WARN_DIRECT_OBJC_ISA_USAGE = YES_ERROR;
				CLANG_WARN_DOCUMENTATION_COMMENTS = YES;
				CLANG_WARN_EMPTY_BODY = YES;
				CLANG_WARN_ENUM_CONVERSION = YES;
				CLANG_WARN_INFINITE_RECURSION = YES;
				CLANG_WARN_INT_CONVERSION = YES;
				CLANG_WARN_NON_LITERAL_NULL_CONVERSION = YES;
				CLANG_WARN_OBJC_IMPLICIT_RETAIN_SELF = YES;
				CLANG_WARN_OBJC_LITERAL_CONVERSION = YES;
				CLANG_WARN_OBJC_ROOT_CLASS = YES_ERROR;
				CLANG_WARN_QUOTED_INCLUDE_IN_FRAMEWORK_HEADER = YES;
				CLANG_WARN_RANGE_LOOP_ANALYSIS = YES;
				CLANG_WARN_STRICT_PROTOTYPES = YES;
				CLANG_WARN_SUSPICIOUS_MOVE = YES;
				CLANG_WARN_UNGUARDED_AVAILABILITY = YES_AGGRESSIVE;
				CLANG_WARN_UNREACHABLE_CODE = YES;
				CLANG_WARN__DUPLICATE_METHOD_MATCH = YES;
				COPY_PHASE_STRIP = NO;
				DEBUG_INFORMATION_FORMAT = "dwarf-with-dsym";
				ENABLE_NS_ASSERTIONS = NO;
				ENABLE_STRICT_OBJC_MSGSEND = YES;
				GCC_C_LANGUAGE_STANDARD = gnu11;
				GCC_NO_COMMON_BLOCKS = YES;
				GCC_WARN_64_TO_32_BIT_CONVERSION = YES;
				GCC_WARN_ABOUT_RETURN_TYPE = YES_ERROR;
				GCC_WARN_UNDECLARED_SELECTOR = YES;
				GCC_WARN_UNINITIALIZED_AUTOS = YES_AGGRESSIVE;
				GCC_WARN_UNUSED_FUNCTION = YES;
				GCC_WARN_UNUSED_VARIABLE = YES;
				IPHONEOS_DEPLOYMENT_TARGET = 15.2;
				MTL_ENABLE_DEBUG_INFO = NO;
				MTL_FAST_MATH = YES;
				SDKROOT = iphoneos;
				SWIFT_COMPILATION_MODE = wholemodule;
				SWIFT_OPTIMIZATION_LEVEL = "-O";
				VALIDATE_PRODUCT = YES;
			};
			name = Release;
		};
		EB2307CD277A01BF003186B4 /* Debug */ = {
			isa = XCBuildConfiguration;
			baseConfigurationReference = F4AA1EEFA7E54B84925A7AC9 /* Pods-Pomelo Test App.debug.xcconfig */;
			buildSettings = {
				ASSETCATALOG_COMPILER_APPICON_NAME = AppIcon;
				ASSETCATALOG_COMPILER_GLOBAL_ACCENT_COLOR_NAME = AccentColor;
				CODE_SIGN_STYLE = Automatic;
				CURRENT_PROJECT_VERSION = 1;
				DEVELOPMENT_TEAM = 3MDHM6VA27;
				GENERATE_INFOPLIST_FILE = YES;
				INFOPLIST_FILE = "Pomelo Test App/Info.plist";
				INFOPLIST_KEY_UIApplicationSupportsIndirectInputEvents = YES;
				INFOPLIST_KEY_UILaunchStoryboardName = LaunchScreen;
				INFOPLIST_KEY_UIMainStoryboardFile = Main;
				INFOPLIST_KEY_UISupportedInterfaceOrientations_iPad = "UIInterfaceOrientationPortrait UIInterfaceOrientationPortraitUpsideDown UIInterfaceOrientationLandscapeLeft UIInterfaceOrientationLandscapeRight";
				INFOPLIST_KEY_UISupportedInterfaceOrientations_iPhone = "UIInterfaceOrientationPortrait UIInterfaceOrientationLandscapeLeft UIInterfaceOrientationLandscapeRight";
				IPHONEOS_DEPLOYMENT_TARGET = 13.0;
				LD_RUNPATH_SEARCH_PATHS = (
					"$(inherited)",
					"@executable_path/Frameworks",
				);
				MARKETING_VERSION = 1.0;
				PRODUCT_BUNDLE_IDENTIFIER = "com.durga.achyuth.Pomelo-Test-App";
				PRODUCT_NAME = "$(TARGET_NAME)";
				SWIFT_EMIT_LOC_STRINGS = YES;
				SWIFT_VERSION = 5.0;
				TARGETED_DEVICE_FAMILY = "1,2";
			};
			name = Debug;
		};
		EB2307CE277A01BF003186B4 /* Release */ = {
			isa = XCBuildConfiguration;
			baseConfigurationReference = 15A73730934162EE09CEF598 /* Pods-Pomelo Test App.release.xcconfig */;
			buildSettings = {
				ASSETCATALOG_COMPILER_APPICON_NAME = AppIcon;
				ASSETCATALOG_COMPILER_GLOBAL_ACCENT_COLOR_NAME = AccentColor;
				CODE_SIGN_STYLE = Automatic;
				CURRENT_PROJECT_VERSION = 1;
				DEVELOPMENT_TEAM = 3MDHM6VA27;
				GENERATE_INFOPLIST_FILE = YES;
				INFOPLIST_FILE = "Pomelo Test App/Info.plist";
				INFOPLIST_KEY_UIApplicationSupportsIndirectInputEvents = YES;
				INFOPLIST_KEY_UILaunchStoryboardName = LaunchScreen;
				INFOPLIST_KEY_UIMainStoryboardFile = Main;
				INFOPLIST_KEY_UISupportedInterfaceOrientations_iPad = "UIInterfaceOrientationPortrait UIInterfaceOrientationPortraitUpsideDown UIInterfaceOrientationLandscapeLeft UIInterfaceOrientationLandscapeRight";
				INFOPLIST_KEY_UISupportedInterfaceOrientations_iPhone = "UIInterfaceOrientationPortrait UIInterfaceOrientationLandscapeLeft UIInterfaceOrientationLandscapeRight";
				IPHONEOS_DEPLOYMENT_TARGET = 13.0;
				LD_RUNPATH_SEARCH_PATHS = (
					"$(inherited)",
					"@executable_path/Frameworks",
				);
				MARKETING_VERSION = 1.0;
				PRODUCT_BUNDLE_IDENTIFIER = "com.durga.achyuth.Pomelo-Test-App";
				PRODUCT_NAME = "$(TARGET_NAME)";
				SWIFT_EMIT_LOC_STRINGS = YES;
				SWIFT_VERSION = 5.0;
				TARGETED_DEVICE_FAMILY = "1,2";
			};
			name = Release;
		};
		EB2307D0277A01BF003186B4 /* Debug */ = {
			isa = XCBuildConfiguration;
			baseConfigurationReference = EC781C1D2C8BB502FB1D0F8A /* Pods-Pomelo Test AppTests.debug.xcconfig */;
			buildSettings = {
				ALWAYS_EMBED_SWIFT_STANDARD_LIBRARIES = YES;
				BUNDLE_LOADER = "$(TEST_HOST)";
				CODE_SIGN_STYLE = Automatic;
				CURRENT_PROJECT_VERSION = 1;
				DEVELOPMENT_TEAM = 3MDHM6VA27;
				GENERATE_INFOPLIST_FILE = YES;
				IPHONEOS_DEPLOYMENT_TARGET = 15.2;
				MARKETING_VERSION = 1.0;
				PRODUCT_BUNDLE_IDENTIFIER = "com.durga.achyuth.Pomelo-Test-AppTests";
				PRODUCT_NAME = "$(TARGET_NAME)";
				SWIFT_EMIT_LOC_STRINGS = NO;
				SWIFT_VERSION = 5.0;
				TARGETED_DEVICE_FAMILY = "1,2";
				TEST_HOST = "$(BUILT_PRODUCTS_DIR)/Pomelo Test App.app/Pomelo Test App";
			};
			name = Debug;
		};
		EB2307D1277A01BF003186B4 /* Release */ = {
			isa = XCBuildConfiguration;
			baseConfigurationReference = FC3AED1612EC22C4E7136B83 /* Pods-Pomelo Test AppTests.release.xcconfig */;
			buildSettings = {
				ALWAYS_EMBED_SWIFT_STANDARD_LIBRARIES = YES;
				BUNDLE_LOADER = "$(TEST_HOST)";
				CODE_SIGN_STYLE = Automatic;
				CURRENT_PROJECT_VERSION = 1;
				DEVELOPMENT_TEAM = 3MDHM6VA27;
				GENERATE_INFOPLIST_FILE = YES;
				IPHONEOS_DEPLOYMENT_TARGET = 15.2;
				MARKETING_VERSION = 1.0;
				PRODUCT_BUNDLE_IDENTIFIER = "com.durga.achyuth.Pomelo-Test-AppTests";
				PRODUCT_NAME = "$(TARGET_NAME)";
				SWIFT_EMIT_LOC_STRINGS = NO;
				SWIFT_VERSION = 5.0;
				TARGETED_DEVICE_FAMILY = "1,2";
				TEST_HOST = "$(BUILT_PRODUCTS_DIR)/Pomelo Test App.app/Pomelo Test App";
			};
			name = Release;
		};
		EB2307D3277A01BF003186B4 /* Debug */ = {
			isa = XCBuildConfiguration;
			baseConfigurationReference = 16A53E0765793C8C2BC9F1C8 /* Pods-Pomelo Test App-Pomelo Test AppUITests.debug.xcconfig */;
			buildSettings = {
				ALWAYS_EMBED_SWIFT_STANDARD_LIBRARIES = YES;
				CODE_SIGN_STYLE = Automatic;
				CURRENT_PROJECT_VERSION = 1;
				DEVELOPMENT_TEAM = 3MDHM6VA27;
				GENERATE_INFOPLIST_FILE = YES;
				MARKETING_VERSION = 1.0;
				PRODUCT_BUNDLE_IDENTIFIER = "com.durga.achyuth.Pomelo-Test-AppUITests";
				PRODUCT_NAME = "$(TARGET_NAME)";
				SWIFT_EMIT_LOC_STRINGS = NO;
				SWIFT_VERSION = 5.0;
				TARGETED_DEVICE_FAMILY = "1,2";
				TEST_TARGET_NAME = "Pomelo Test App";
			};
			name = Debug;
		};
		EB2307D4277A01BF003186B4 /* Release */ = {
			isa = XCBuildConfiguration;
			baseConfigurationReference = 96FF0D6599F7EEB8E715DE40 /* Pods-Pomelo Test App-Pomelo Test AppUITests.release.xcconfig */;
			buildSettings = {
				ALWAYS_EMBED_SWIFT_STANDARD_LIBRARIES = YES;
				CODE_SIGN_STYLE = Automatic;
				CURRENT_PROJECT_VERSION = 1;
				DEVELOPMENT_TEAM = 3MDHM6VA27;
				GENERATE_INFOPLIST_FILE = YES;
				MARKETING_VERSION = 1.0;
				PRODUCT_BUNDLE_IDENTIFIER = "com.durga.achyuth.Pomelo-Test-AppUITests";
				PRODUCT_NAME = "$(TARGET_NAME)";
				SWIFT_EMIT_LOC_STRINGS = NO;
				SWIFT_VERSION = 5.0;
				TARGETED_DEVICE_FAMILY = "1,2";
				TEST_TARGET_NAME = "Pomelo Test App";
			};
			name = Release;
		};
/* End XCBuildConfiguration section */

/* Begin XCConfigurationList section */
		EB23079D277A01BC003186B4 /* Build configuration list for PBXProject "Pomelo Test App" */ = {
			isa = XCConfigurationList;
			buildConfigurations = (
				EB2307CA277A01BF003186B4 /* Debug */,
				EB2307CB277A01BF003186B4 /* Release */,
			);
			defaultConfigurationIsVisible = 0;
			defaultConfigurationName = Release;
		};
		EB2307CC277A01BF003186B4 /* Build configuration list for PBXNativeTarget "Pomelo Test App" */ = {
			isa = XCConfigurationList;
			buildConfigurations = (
				EB2307CD277A01BF003186B4 /* Debug */,
				EB2307CE277A01BF003186B4 /* Release */,
			);
			defaultConfigurationIsVisible = 0;
			defaultConfigurationName = Release;
		};
		EB2307CF277A01BF003186B4 /* Build configuration list for PBXNativeTarget "Pomelo Test AppTests" */ = {
			isa = XCConfigurationList;
			buildConfigurations = (
				EB2307D0277A01BF003186B4 /* Debug */,
				EB2307D1277A01BF003186B4 /* Release */,
			);
			defaultConfigurationIsVisible = 0;
			defaultConfigurationName = Release;
		};
		EB2307D2277A01BF003186B4 /* Build configuration list for PBXNativeTarget "Pomelo Test AppUITests" */ = {
			isa = XCConfigurationList;
			buildConfigurations = (
				EB2307D3277A01BF003186B4 /* Debug */,
				EB2307D4277A01BF003186B4 /* Release */,
			);
			defaultConfigurationIsVisible = 0;
			defaultConfigurationName = Release;
		};
/* End XCConfigurationList section */
	};
	rootObject = EB23079A277A01BC003186B4 /* Project object */;
}
